info_en: "[lock]"
info_cn: "[库里所有表持有锁的信息]"
command: obdiag display scene run --scene=observer.lock 
task:
  - version: "[*,4.0.0]"
    steps:
      - type: sql
        sql: "select a.tenant_id,a.svr_ip,a.table_id,c.table_name,a.session_id,substring_index(substring_index(a.trans_id,',',1),':',-1) hash,a.ctx_create_time,a.expired_time,count(*)  
from oceanbase.__all_virtual_trans_lock_stat a 
inner join oceanbase.__all_virtual_table c on a.table_id=c.table_id and  c.table_name not like '__idx_%'  and a.tenant_id>1000 group by a.tenant_id,a.trans_id,a.svr_ip,a.table_id,c.table_name,a.session_id,substring_index(substring_index(a.trans_id,',',1),':',-1),a.ctx_create_time,a.expired_time;"
        global: true
  - version: "[4.0.0,*]"
    steps:
      - type: sql
        sql: "select a.tenant_id,a.svr_ip,a.ls_id,a.table_id,c.table_id table_actual_id,c.table_name,a.tablet_id,a.session_id,a.ctx_create_time  
from oceanbase.__all_virtual_trans_lock_stat a 
inner join oceanbase.__all_virtual_tablet_to_ls b on b.tablet_id=a.tablet_id  and a.tenant_id=b.tenant_id and a.ls_id=b.ls_id
inner join oceanbase.__all_virtual_table c on b.table_id=c.table_id and  c.table_name not like '__idx_%'  where a.tenant_id>1000;"
        global: true